
Microsoft Visual Studio Solution File, Format Version 12.00
# Visual Studio Version 17
VisualStudioVersion = 17.5.2.0
MinimumVisualStudioVersion = 10.0.40219.1
Project("{2150E333-8FDC-42A3-9474-1A3956D46DE8}") = "semester1", "semester1", "{2C922784-37C5-7FA7-1CFB-C8B42A2DCF26}"
EndProject
Project("{2150E333-8FDC-42A3-9474-1A3956D46DE8}") = "C#", "C#", "{B2485D64-E36D-73B1-E1F1-7AB7B0AC28F5}"
EndProject
Project("{2150E333-8FDC-42A3-9474-1A3956D46DE8}") = "week1", "week1", "{BB91B9AD-41EC-0DC9-6287-69EFCA901C18}"
EndProject
Project("{2150E333-8FDC-42A3-9474-1A3956D46DE8}") = "Rect_draw", "Rect_draw", "{5DC1DD45-DCA8-5B6B-A78B-32A23C51C4AB}"
EndProject
Project("{FAE04EC0-301F-11D3-BF4B-00C04F79EFBC}") = "Rect_Draw", "semester1\C#\week1\Rect_draw\Rect_Draw\Rect_Draw.csproj", "{3DE544CD-E8D9-99F7-B820-62D91B6AC936}"
EndProject
Project("{2150E333-8FDC-42A3-9474-1A3956D46DE8}") = "week3", "week3", "{DEF144B1-642C-623D-8279-A064ECC5053E}"
EndProject
Project("{2150E333-8FDC-42A3-9474-1A3956D46DE8}") = "harvest_data", "harvest_data", "{FA6E6CCE-1FAF-0197-30AB-AF909FCF9343}"
EndProject
Project("{FAE04EC0-301F-11D3-BF4B-00C04F79EFBC}") = "harvest_data_prog", "semester1\C#\week3\harvest_data\harvest_data_prog\harvest_data_prog.csproj", "{E694132E-10C6-E327-AE32-A1D6495A3883}"
EndProject
Project("{2150E333-8FDC-42A3-9474-1A3956D46DE8}") = "max_temp", "max_temp", "{4DCC2DF7-0643-CBB5-E19A-3ED7821B1BBB}"
EndProject
Project("{FAE04EC0-301F-11D3-BF4B-00C04F79EFBC}") = "max_temp_prog", "semester1\C#\week3\max_temp\max_temp_prog\max_temp_prog.csproj", "{F9744345-06FB-D3AE-90E6-CB181026402B}"
EndProject
Project("{2150E333-8FDC-42A3-9474-1A3956D46DE8}") = "odd_sum", "odd_sum", "{A332AA41-B2B9-5A8F-9543-7DC8517998D4}"
EndProject
Project("{FAE04EC0-301F-11D3-BF4B-00C04F79EFBC}") = "odd_sum", "semester1\C#\week3\odd_sum\odd_sum\odd_sum.csproj", "{345CA80A-66BA-9C95-CE44-BB54406FC153}"
EndProject
Project("{2150E333-8FDC-42A3-9474-1A3956D46DE8}") = "prime", "prime", "{5CE8DA72-FAC6-2C9D-2886-46CAFC7D6A00}"
EndProject
Project("{FAE04EC0-301F-11D3-BF4B-00C04F79EFBC}") = "prime_num", "semester1\C#\week3\prime\prime_num\prime_num.csproj", "{5979C337-79C6-BBBD-6734-B186E2FF71B4}"
EndProject
Project("{2150E333-8FDC-42A3-9474-1A3956D46DE8}") = "week4", "week4", "{668FC386-55F7-9D3D-F727-262EB2AD16CC}"
EndProject
Project("{2150E333-8FDC-42A3-9474-1A3956D46DE8}") = "vector_addition", "vector_addition", "{EC7C99A2-0BE2-FD83-CB08-3267D9C4EEC5}"
EndProject
Project("{FAE04EC0-301F-11D3-BF4B-00C04F79EFBC}") = "vector_addition_prog", "semester1\C#\week4\vector_addition\vector_addition_prog\vector_addition_prog.csproj", "{C13B3641-1D09-981B-6108-6F4279A94379}"
EndProject
Project("{2150E333-8FDC-42A3-9474-1A3956D46DE8}") = "HF_3", "HF_3", "{7AB3A8D3-096B-CD02-3956-D754C4EC8677}"
EndProject
Project("{FAE04EC0-301F-11D3-BF4B-00C04F79EFBC}") = "3dvector_addition", "semester1\C#\week4\HF_3\3dvector_addition\3dvector_addition.csproj", "{D7422043-304D-4538-5DC5-E7A780634FAD}"
EndProject
Project("{2150E333-8FDC-42A3-9474-1A3956D46DE8}") = "week2", "week2", "{775D99E7-052A-F475-8677-090E20FFAE72}"
EndProject
Project("{2150E333-8FDC-42A3-9474-1A3956D46DE8}") = "HF_1", "HF_1", "{BE23BF6A-B51D-DD12-F7C6-45FD30234A25}"
EndProject
Project("{2150E333-8FDC-42A3-9474-1A3956D46DE8}") = "even_divider", "even_divider", "{2C272D58-C597-0347-2830-976F7EFEB62E}"
EndProject
Project("{FAE04EC0-301F-11D3-BF4B-00C04F79EFBC}") = "even_divider", "semester1\C#\week2\HF_1\even_divider\even_divider\even_divider.csproj", "{CE25DB15-091F-633B-D72C-F42128F7B253}"
EndProject
Project("{2150E333-8FDC-42A3-9474-1A3956D46DE8}") = "grade", "grade", "{C04C68F8-E572-6D5F-D976-FB08D1EA0745}"
EndProject
Project("{FAE04EC0-301F-11D3-BF4B-00C04F79EFBC}") = "grade", "semester1\C#\week2\HF_1\grade\grade\grade.csproj", "{FA1693C7-5393-B8E7-3E6F-BF2ADFD65A99}"
EndProject
Project("{2150E333-8FDC-42A3-9474-1A3956D46DE8}") = "triangle", "triangle", "{77517B61-A35B-5D99-C598-BD0CB70C34DF}"
EndProject
Project("{FAE04EC0-301F-11D3-BF4B-00C04F79EFBC}") = "triangle", "semester1\C#\week2\HF_1\triangle\triangle\triangle.csproj", "{A672AD27-75F9-63A1-E8BA-FDF20153A91C}"
EndProject
Project("{2150E333-8FDC-42A3-9474-1A3956D46DE8}") = "HF_2", "HF_2", "{E580A9CC-D892-B7CE-161F-A8CDCEBCFB75}"
EndProject
Project("{2150E333-8FDC-42A3-9474-1A3956D46DE8}") = "average", "average", "{AFFEC575-6013-8F21-870A-F2EF7ABB417F}"
EndProject
Project("{FAE04EC0-301F-11D3-BF4B-00C04F79EFBC}") = "average_prog", "semester1\C#\week3\HF_2\average\average_prog\average_prog.csproj", "{273A81A3-D486-E2F0-487A-1391604D1EB5}"
EndProject
Project("{2150E333-8FDC-42A3-9474-1A3956D46DE8}") = "cold_days", "cold_days", "{5CD798D5-0487-F293-0398-61DEB0E795A4}"
EndProject
Project("{FAE04EC0-301F-11D3-BF4B-00C04F79EFBC}") = "cold_days_prog", "semester1\C#\week3\HF_2\cold_days\cold_days_prog\cold_days_prog.csproj", "{02939B28-E931-340A-5F53-2282E5529246}"
EndProject
Project("{2150E333-8FDC-42A3-9474-1A3956D46DE8}") = "profit", "profit", "{33D99112-907D-6D6E-8A42-71327B30E6EF}"
EndProject
Project("{FAE04EC0-301F-11D3-BF4B-00C04F79EFBC}") = "profit_prog", "semester1\C#\week3\HF_2\profit\profit_prog\profit_prog.csproj", "{FC4EFD25-501E-20A5-8862-822841463431}"
EndProject
Project("{2150E333-8FDC-42A3-9474-1A3956D46DE8}") = "week4", "week4", "{14B2018A-4E18-6890-0D93-A6F910764DD8}"
EndProject
Project("{2150E333-8FDC-42A3-9474-1A3956D46DE8}") = "HF_3", "HF_3", "{7E4B818C-2961-D381-69CF-6FCBB9D2E9E9}"
EndProject
Project("{FAE04EC0-301F-11D3-BF4B-00C04F79EFBC}") = "div_7_8", "week4\HF_3\div_7_8\div_7_8.csproj", "{10EC870B-C2BE-4602-83CA-2F7C8D7170C9}"
EndProject
Global
	GlobalSection(SolutionConfigurationPlatforms) = preSolution
		Debug|Any CPU = Debug|Any CPU
		Debug|x64 = Debug|x64
		Debug|x86 = Debug|x86
		Release|Any CPU = Release|Any CPU
		Release|x64 = Release|x64
		Release|x86 = Release|x86
	EndGlobalSection
	GlobalSection(ProjectConfigurationPlatforms) = postSolution
		{3DE544CD-E8D9-99F7-B820-62D91B6AC936}.Debug|Any CPU.ActiveCfg = Debug|Any CPU
		{3DE544CD-E8D9-99F7-B820-62D91B6AC936}.Debug|Any CPU.Build.0 = Debug|Any CPU
		{3DE544CD-E8D9-99F7-B820-62D91B6AC936}.Debug|x64.ActiveCfg = Debug|Any CPU
		{3DE544CD-E8D9-99F7-B820-62D91B6AC936}.Debug|x64.Build.0 = Debug|Any CPU
		{3DE544CD-E8D9-99F7-B820-62D91B6AC936}.Debug|x86.ActiveCfg = Debug|Any CPU
		{3DE544CD-E8D9-99F7-B820-62D91B6AC936}.Debug|x86.Build.0 = Debug|Any CPU
		{3DE544CD-E8D9-99F7-B820-62D91B6AC936}.Release|Any CPU.ActiveCfg = Release|Any CPU
		{3DE544CD-E8D9-99F7-B820-62D91B6AC936}.Release|Any CPU.Build.0 = Release|Any CPU
		{3DE544CD-E8D9-99F7-B820-62D91B6AC936}.Release|x64.ActiveCfg = Release|Any CPU
		{3DE544CD-E8D9-99F7-B820-62D91B6AC936}.Release|x64.Build.0 = Release|Any CPU
		{3DE544CD-E8D9-99F7-B820-62D91B6AC936}.Release|x86.ActiveCfg = Release|Any CPU
		{3DE544CD-E8D9-99F7-B820-62D91B6AC936}.Release|x86.Build.0 = Release|Any CPU
		{E694132E-10C6-E327-AE32-A1D6495A3883}.Debug|Any CPU.ActiveCfg = Debug|Any CPU
		{E694132E-10C6-E327-AE32-A1D6495A3883}.Debug|Any CPU.Build.0 = Debug|Any CPU
		{E694132E-10C6-E327-AE32-A1D6495A3883}.Debug|x64.ActiveCfg = Debug|Any CPU
		{E694132E-10C6-E327-AE32-A1D6495A3883}.Debug|x64.Build.0 = Debug|Any CPU
		{E694132E-10C6-E327-AE32-A1D6495A3883}.Debug|x86.ActiveCfg = Debug|Any CPU
		{E694132E-10C6-E327-AE32-A1D6495A3883}.Debug|x86.Build.0 = Debug|Any CPU
		{E694132E-10C6-E327-AE32-A1D6495A3883}.Release|Any CPU.ActiveCfg = Release|Any CPU
		{E694132E-10C6-E327-AE32-A1D6495A3883}.Release|Any CPU.Build.0 = Release|Any CPU
		{E694132E-10C6-E327-AE32-A1D6495A3883}.Release|x64.ActiveCfg = Release|Any CPU
		{E694132E-10C6-E327-AE32-A1D6495A3883}.Release|x64.Build.0 = Release|Any CPU
		{E694132E-10C6-E327-AE32-A1D6495A3883}.Release|x86.ActiveCfg = Release|Any CPU
		{E694132E-10C6-E327-AE32-A1D6495A3883}.Release|x86.Build.0 = Release|Any CPU
		{F9744345-06FB-D3AE-90E6-CB181026402B}.Debug|Any CPU.ActiveCfg = Debug|Any CPU
		{F9744345-06FB-D3AE-90E6-CB181026402B}.Debug|Any CPU.Build.0 = Debug|Any CPU
		{F9744345-06FB-D3AE-90E6-CB181026402B}.Debug|x64.ActiveCfg = Debug|Any CPU
		{F9744345-06FB-D3AE-90E6-CB181026402B}.Debug|x64.Build.0 = Debug|Any CPU
		{F9744345-06FB-D3AE-90E6-CB181026402B}.Debug|x86.ActiveCfg = Debug|Any CPU
		{F9744345-06FB-D3AE-90E6-CB181026402B}.Debug|x86.Build.0 = Debug|Any CPU
		{F9744345-06FB-D3AE-90E6-CB181026402B}.Release|Any CPU.ActiveCfg = Release|Any CPU
		{F9744345-06FB-D3AE-90E6-CB181026402B}.Release|Any CPU.Build.0 = Release|Any CPU
		{F9744345-06FB-D3AE-90E6-CB181026402B}.Release|x64.ActiveCfg = Release|Any CPU
		{F9744345-06FB-D3AE-90E6-CB181026402B}.Release|x64.Build.0 = Release|Any CPU
		{F9744345-06FB-D3AE-90E6-CB181026402B}.Release|x86.ActiveCfg = Release|Any CPU
		{F9744345-06FB-D3AE-90E6-CB181026402B}.Release|x86.Build.0 = Release|Any CPU
		{345CA80A-66BA-9C95-CE44-BB54406FC153}.Debug|Any CPU.ActiveCfg = Debug|Any CPU
		{345CA80A-66BA-9C95-CE44-BB54406FC153}.Debug|Any CPU.Build.0 = Debug|Any CPU
		{345CA80A-66BA-9C95-CE44-BB54406FC153}.Debug|x64.ActiveCfg = Debug|Any CPU
		{345CA80A-66BA-9C95-CE44-BB54406FC153}.Debug|x64.Build.0 = Debug|Any CPU
		{345CA80A-66BA-9C95-CE44-BB54406FC153}.Debug|x86.ActiveCfg = Debug|Any CPU
		{345CA80A-66BA-9C95-CE44-BB54406FC153}.Debug|x86.Build.0 = Debug|Any CPU
		{345CA80A-66BA-9C95-CE44-BB54406FC153}.Release|Any CPU.ActiveCfg = Release|Any CPU
		{345CA80A-66BA-9C95-CE44-BB54406FC153}.Release|Any CPU.Build.0 = Release|Any CPU
		{345CA80A-66BA-9C95-CE44-BB54406FC153}.Release|x64.ActiveCfg = Release|Any CPU
		{345CA80A-66BA-9C95-CE44-BB54406FC153}.Release|x64.Build.0 = Release|Any CPU
		{345CA80A-66BA-9C95-CE44-BB54406FC153}.Release|x86.ActiveCfg = Release|Any CPU
		{345CA80A-66BA-9C95-CE44-BB54406FC153}.Release|x86.Build.0 = Release|Any CPU
		{5979C337-79C6-BBBD-6734-B186E2FF71B4}.Debug|Any CPU.ActiveCfg = Debug|Any CPU
		{5979C337-79C6-BBBD-6734-B186E2FF71B4}.Debug|Any CPU.Build.0 = Debug|Any CPU
		{5979C337-79C6-BBBD-6734-B186E2FF71B4}.Debug|x64.ActiveCfg = Debug|Any CPU
		{5979C337-79C6-BBBD-6734-B186E2FF71B4}.Debug|x64.Build.0 = Debug|Any CPU
		{5979C337-79C6-BBBD-6734-B186E2FF71B4}.Debug|x86.ActiveCfg = Debug|Any CPU
		{5979C337-79C6-BBBD-6734-B186E2FF71B4}.Debug|x86.Build.0 = Debug|Any CPU
		{5979C337-79C6-BBBD-6734-B186E2FF71B4}.Release|Any CPU.ActiveCfg = Release|Any CPU
		{5979C337-79C6-BBBD-6734-B186E2FF71B4}.Release|Any CPU.Build.0 = Release|Any CPU
		{5979C337-79C6-BBBD-6734-B186E2FF71B4}.Release|x64.ActiveCfg = Release|Any CPU
		{5979C337-79C6-BBBD-6734-B186E2FF71B4}.Release|x64.Build.0 = Release|Any CPU
		{5979C337-79C6-BBBD-6734-B186E2FF71B4}.Release|x86.ActiveCfg = Release|Any CPU
		{5979C337-79C6-BBBD-6734-B186E2FF71B4}.Release|x86.Build.0 = Release|Any CPU
		{C13B3641-1D09-981B-6108-6F4279A94379}.Debug|Any CPU.ActiveCfg = Debug|Any CPU
		{C13B3641-1D09-981B-6108-6F4279A94379}.Debug|Any CPU.Build.0 = Debug|Any CPU
		{C13B3641-1D09-981B-6108-6F4279A94379}.Debug|x64.ActiveCfg = Debug|Any CPU
		{C13B3641-1D09-981B-6108-6F4279A94379}.Debug|x64.Build.0 = Debug|Any CPU
		{C13B3641-1D09-981B-6108-6F4279A94379}.Debug|x86.ActiveCfg = Debug|Any CPU
		{C13B3641-1D09-981B-6108-6F4279A94379}.Debug|x86.Build.0 = Debug|Any CPU
		{C13B3641-1D09-981B-6108-6F4279A94379}.Release|Any CPU.ActiveCfg = Release|Any CPU
		{C13B3641-1D09-981B-6108-6F4279A94379}.Release|Any CPU.Build.0 = Release|Any CPU
		{C13B3641-1D09-981B-6108-6F4279A94379}.Release|x64.ActiveCfg = Release|Any CPU
		{C13B3641-1D09-981B-6108-6F4279A94379}.Release|x64.Build.0 = Release|Any CPU
		{C13B3641-1D09-981B-6108-6F4279A94379}.Release|x86.ActiveCfg = Release|Any CPU
		{C13B3641-1D09-981B-6108-6F4279A94379}.Release|x86.Build.0 = Release|Any CPU
		{D7422043-304D-4538-5DC5-E7A780634FAD}.Debug|Any CPU.ActiveCfg = Debug|Any CPU
		{D7422043-304D-4538-5DC5-E7A780634FAD}.Debug|Any CPU.Build.0 = Debug|Any CPU
		{D7422043-304D-4538-5DC5-E7A780634FAD}.Debug|x64.ActiveCfg = Debug|Any CPU
		{D7422043-304D-4538-5DC5-E7A780634FAD}.Debug|x64.Build.0 = Debug|Any CPU
		{D7422043-304D-4538-5DC5-E7A780634FAD}.Debug|x86.ActiveCfg = Debug|Any CPU
		{D7422043-304D-4538-5DC5-E7A780634FAD}.Debug|x86.Build.0 = Debug|Any CPU
		{D7422043-304D-4538-5DC5-E7A780634FAD}.Release|Any CPU.ActiveCfg = Release|Any CPU
		{D7422043-304D-4538-5DC5-E7A780634FAD}.Release|Any CPU.Build.0 = Release|Any CPU
		{D7422043-304D-4538-5DC5-E7A780634FAD}.Release|x64.ActiveCfg = Release|Any CPU
		{D7422043-304D-4538-5DC5-E7A780634FAD}.Release|x64.Build.0 = Release|Any CPU
		{D7422043-304D-4538-5DC5-E7A780634FAD}.Release|x86.ActiveCfg = Release|Any CPU
		{D7422043-304D-4538-5DC5-E7A780634FAD}.Release|x86.Build.0 = Release|Any CPU
		{CE25DB15-091F-633B-D72C-F42128F7B253}.Debug|Any CPU.ActiveCfg = Debug|Any CPU
		{CE25DB15-091F-633B-D72C-F42128F7B253}.Debug|Any CPU.Build.0 = Debug|Any CPU
		{CE25DB15-091F-633B-D72C-F42128F7B253}.Debug|x64.ActiveCfg = Debug|Any CPU
		{CE25DB15-091F-633B-D72C-F42128F7B253}.Debug|x64.Build.0 = Debug|Any CPU
		{CE25DB15-091F-633B-D72C-F42128F7B253}.Debug|x86.ActiveCfg = Debug|Any CPU
		{CE25DB15-091F-633B-D72C-F42128F7B253}.Debug|x86.Build.0 = Debug|Any CPU
		{CE25DB15-091F-633B-D72C-F42128F7B253}.Release|Any CPU.ActiveCfg = Release|Any CPU
		{CE25DB15-091F-633B-D72C-F42128F7B253}.Release|Any CPU.Build.0 = Release|Any CPU
		{CE25DB15-091F-633B-D72C-F42128F7B253}.Release|x64.ActiveCfg = Release|Any CPU
		{CE25DB15-091F-633B-D72C-F42128F7B253}.Release|x64.Build.0 = Release|Any CPU
		{CE25DB15-091F-633B-D72C-F42128F7B253}.Release|x86.ActiveCfg = Release|Any CPU
		{CE25DB15-091F-633B-D72C-F42128F7B253}.Release|x86.Build.0 = Release|Any CPU
		{FA1693C7-5393-B8E7-3E6F-BF2ADFD65A99}.Debug|Any CPU.ActiveCfg = Debug|Any CPU
		{FA1693C7-5393-B8E7-3E6F-BF2ADFD65A99}.Debug|Any CPU.Build.0 = Debug|Any CPU
		{FA1693C7-5393-B8E7-3E6F-BF2ADFD65A99}.Debug|x64.ActiveCfg = Debug|Any CPU
		{FA1693C7-5393-B8E7-3E6F-BF2ADFD65A99}.Debug|x64.Build.0 = Debug|Any CPU
		{FA1693C7-5393-B8E7-3E6F-BF2ADFD65A99}.Debug|x86.ActiveCfg = Debug|Any CPU
		{FA1693C7-5393-B8E7-3E6F-BF2ADFD65A99}.Debug|x86.Build.0 = Debug|Any CPU
		{FA1693C7-5393-B8E7-3E6F-BF2ADFD65A99}.Release|Any CPU.ActiveCfg = Release|Any CPU
		{FA1693C7-5393-B8E7-3E6F-BF2ADFD65A99}.Release|Any CPU.Build.0 = Release|Any CPU
		{FA1693C7-5393-B8E7-3E6F-BF2ADFD65A99}.Release|x64.ActiveCfg = Release|Any CPU
		{FA1693C7-5393-B8E7-3E6F-BF2ADFD65A99}.Release|x64.Build.0 = Release|Any CPU
		{FA1693C7-5393-B8E7-3E6F-BF2ADFD65A99}.Release|x86.ActiveCfg = Release|Any CPU
		{FA1693C7-5393-B8E7-3E6F-BF2ADFD65A99}.Release|x86.Build.0 = Release|Any CPU
		{A672AD27-75F9-63A1-E8BA-FDF20153A91C}.Debug|Any CPU.ActiveCfg = Debug|Any CPU
		{A672AD27-75F9-63A1-E8BA-FDF20153A91C}.Debug|Any CPU.Build.0 = Debug|Any CPU
		{A672AD27-75F9-63A1-E8BA-FDF20153A91C}.Debug|x64.ActiveCfg = Debug|Any CPU
		{A672AD27-75F9-63A1-E8BA-FDF20153A91C}.Debug|x64.Build.0 = Debug|Any CPU
		{A672AD27-75F9-63A1-E8BA-FDF20153A91C}.Debug|x86.ActiveCfg = Debug|Any CPU
		{A672AD27-75F9-63A1-E8BA-FDF20153A91C}.Debug|x86.Build.0 = Debug|Any CPU
		{A672AD27-75F9-63A1-E8BA-FDF20153A91C}.Release|Any CPU.ActiveCfg = Release|Any CPU
		{A672AD27-75F9-63A1-E8BA-FDF20153A91C}.Release|Any CPU.Build.0 = Release|Any CPU
		{A672AD27-75F9-63A1-E8BA-FDF20153A91C}.Release|x64.ActiveCfg = Release|Any CPU
		{A672AD27-75F9-63A1-E8BA-FDF20153A91C}.Release|x64.Build.0 = Release|Any CPU
		{A672AD27-75F9-63A1-E8BA-FDF20153A91C}.Release|x86.ActiveCfg = Release|Any CPU
		{A672AD27-75F9-63A1-E8BA-FDF20153A91C}.Release|x86.Build.0 = Release|Any CPU
		{273A81A3-D486-E2F0-487A-1391604D1EB5}.Debug|Any CPU.ActiveCfg = Debug|Any CPU
		{273A81A3-D486-E2F0-487A-1391604D1EB5}.Debug|Any CPU.Build.0 = Debug|Any CPU
		{273A81A3-D486-E2F0-487A-1391604D1EB5}.Debug|x64.ActiveCfg = Debug|Any CPU
		{273A81A3-D486-E2F0-487A-1391604D1EB5}.Debug|x64.Build.0 = Debug|Any CPU
		{273A81A3-D486-E2F0-487A-1391604D1EB5}.Debug|x86.ActiveCfg = Debug|Any CPU
		{273A81A3-D486-E2F0-487A-1391604D1EB5}.Debug|x86.Build.0 = Debug|Any CPU
		{273A81A3-D486-E2F0-487A-1391604D1EB5}.Release|Any CPU.ActiveCfg = Release|Any CPU
		{273A81A3-D486-E2F0-487A-1391604D1EB5}.Release|Any CPU.Build.0 = Release|Any CPU
		{273A81A3-D486-E2F0-487A-1391604D1EB5}.Release|x64.ActiveCfg = Release|Any CPU
		{273A81A3-D486-E2F0-487A-1391604D1EB5}.Release|x64.Build.0 = Release|Any CPU
		{273A81A3-D486-E2F0-487A-1391604D1EB5}.Release|x86.ActiveCfg = Release|Any CPU
		{273A81A3-D486-E2F0-487A-1391604D1EB5}.Release|x86.Build.0 = Release|Any CPU
		{02939B28-E931-340A-5F53-2282E5529246}.Debug|Any CPU.ActiveCfg = Debug|Any CPU
		{02939B28-E931-340A-5F53-2282E5529246}.Debug|Any CPU.Build.0 = Debug|Any CPU
		{02939B28-E931-340A-5F53-2282E5529246}.Debug|x64.ActiveCfg = Debug|Any CPU
		{02939B28-E931-340A-5F53-2282E5529246}.Debug|x64.Build.0 = Debug|Any CPU
		{02939B28-E931-340A-5F53-2282E5529246}.Debug|x86.ActiveCfg = Debug|Any CPU
		{02939B28-E931-340A-5F53-2282E5529246}.Debug|x86.Build.0 = Debug|Any CPU
		{02939B28-E931-340A-5F53-2282E5529246}.Release|Any CPU.ActiveCfg = Release|Any CPU
		{02939B28-E931-340A-5F53-2282E5529246}.Release|Any CPU.Build.0 = Release|Any CPU
		{02939B28-E931-340A-5F53-2282E5529246}.Release|x64.ActiveCfg = Release|Any CPU
		{02939B28-E931-340A-5F53-2282E5529246}.Release|x64.Build.0 = Release|Any CPU
		{02939B28-E931-340A-5F53-2282E5529246}.Release|x86.ActiveCfg = Release|Any CPU
		{02939B28-E931-340A-5F53-2282E5529246}.Release|x86.Build.0 = Release|Any CPU
		{FC4EFD25-501E-20A5-8862-822841463431}.Debug|Any CPU.ActiveCfg = Debug|Any CPU
		{FC4EFD25-501E-20A5-8862-822841463431}.Debug|Any CPU.Build.0 = Debug|Any CPU
		{FC4EFD25-501E-20A5-8862-822841463431}.Debug|x64.ActiveCfg = Debug|Any CPU
		{FC4EFD25-501E-20A5-8862-822841463431}.Debug|x64.Build.0 = Debug|Any CPU
		{FC4EFD25-501E-20A5-8862-822841463431}.Debug|x86.ActiveCfg = Debug|Any CPU
		{FC4EFD25-501E-20A5-8862-822841463431}.Debug|x86.Build.0 = Debug|Any CPU
		{FC4EFD25-501E-20A5-8862-822841463431}.Release|Any CPU.ActiveCfg = Release|Any CPU
		{FC4EFD25-501E-20A5-8862-822841463431}.Release|Any CPU.Build.0 = Release|Any CPU
		{FC4EFD25-501E-20A5-8862-822841463431}.Release|x64.ActiveCfg = Release|Any CPU
		{FC4EFD25-501E-20A5-8862-822841463431}.Release|x64.Build.0 = Release|Any CPU
		{FC4EFD25-501E-20A5-8862-822841463431}.Release|x86.ActiveCfg = Release|Any CPU
		{FC4EFD25-501E-20A5-8862-822841463431}.Release|x86.Build.0 = Release|Any CPU
		{10EC870B-C2BE-4602-83CA-2F7C8D7170C9}.Debug|Any CPU.ActiveCfg = Debug|Any CPU
		{10EC870B-C2BE-4602-83CA-2F7C8D7170C9}.Debug|Any CPU.Build.0 = Debug|Any CPU
		{10EC870B-C2BE-4602-83CA-2F7C8D7170C9}.Debug|x64.ActiveCfg = Debug|Any CPU
		{10EC870B-C2BE-4602-83CA-2F7C8D7170C9}.Debug|x64.Build.0 = Debug|Any CPU
		{10EC870B-C2BE-4602-83CA-2F7C8D7170C9}.Debug|x86.ActiveCfg = Debug|Any CPU
		{10EC870B-C2BE-4602-83CA-2F7C8D7170C9}.Debug|x86.Build.0 = Debug|Any CPU
		{10EC870B-C2BE-4602-83CA-2F7C8D7170C9}.Release|Any CPU.ActiveCfg = Release|Any CPU
		{10EC870B-C2BE-4602-83CA-2F7C8D7170C9}.Release|Any CPU.Build.0 = Release|Any CPU
		{10EC870B-C2BE-4602-83CA-2F7C8D7170C9}.Release|x64.ActiveCfg = Release|Any CPU
		{10EC870B-C2BE-4602-83CA-2F7C8D7170C9}.Release|x64.Build.0 = Release|Any CPU
		{10EC870B-C2BE-4602-83CA-2F7C8D7170C9}.Release|x86.ActiveCfg = Release|Any CPU
		{10EC870B-C2BE-4602-83CA-2F7C8D7170C9}.Release|x86.Build.0 = Release|Any CPU
	EndGlobalSection
	GlobalSection(SolutionProperties) = preSolution
		HideSolutionNode = FALSE
	EndGlobalSection
	GlobalSection(NestedProjects) = preSolution
		{B2485D64-E36D-73B1-E1F1-7AB7B0AC28F5} = {2C922784-37C5-7FA7-1CFB-C8B42A2DCF26}
		{BB91B9AD-41EC-0DC9-6287-69EFCA901C18} = {B2485D64-E36D-73B1-E1F1-7AB7B0AC28F5}
		{5DC1DD45-DCA8-5B6B-A78B-32A23C51C4AB} = {BB91B9AD-41EC-0DC9-6287-69EFCA901C18}
		{3DE544CD-E8D9-99F7-B820-62D91B6AC936} = {5DC1DD45-DCA8-5B6B-A78B-32A23C51C4AB}
		{DEF144B1-642C-623D-8279-A064ECC5053E} = {B2485D64-E36D-73B1-E1F1-7AB7B0AC28F5}
		{FA6E6CCE-1FAF-0197-30AB-AF909FCF9343} = {DEF144B1-642C-623D-8279-A064ECC5053E}
		{E694132E-10C6-E327-AE32-A1D6495A3883} = {FA6E6CCE-1FAF-0197-30AB-AF909FCF9343}
		{4DCC2DF7-0643-CBB5-E19A-3ED7821B1BBB} = {DEF144B1-642C-623D-8279-A064ECC5053E}
		{F9744345-06FB-D3AE-90E6-CB181026402B} = {4DCC2DF7-0643-CBB5-E19A-3ED7821B1BBB}
		{A332AA41-B2B9-5A8F-9543-7DC8517998D4} = {DEF144B1-642C-623D-8279-A064ECC5053E}
		{345CA80A-66BA-9C95-CE44-BB54406FC153} = {A332AA41-B2B9-5A8F-9543-7DC8517998D4}
		{5CE8DA72-FAC6-2C9D-2886-46CAFC7D6A00} = {DEF144B1-642C-623D-8279-A064ECC5053E}
		{5979C337-79C6-BBBD-6734-B186E2FF71B4} = {5CE8DA72-FAC6-2C9D-2886-46CAFC7D6A00}
		{668FC386-55F7-9D3D-F727-262EB2AD16CC} = {B2485D64-E36D-73B1-E1F1-7AB7B0AC28F5}
		{EC7C99A2-0BE2-FD83-CB08-3267D9C4EEC5} = {668FC386-55F7-9D3D-F727-262EB2AD16CC}
		{C13B3641-1D09-981B-6108-6F4279A94379} = {EC7C99A2-0BE2-FD83-CB08-3267D9C4EEC5}
		{7AB3A8D3-096B-CD02-3956-D754C4EC8677} = {668FC386-55F7-9D3D-F727-262EB2AD16CC}
		{D7422043-304D-4538-5DC5-E7A780634FAD} = {7AB3A8D3-096B-CD02-3956-D754C4EC8677}
		{775D99E7-052A-F475-8677-090E20FFAE72} = {B2485D64-E36D-73B1-E1F1-7AB7B0AC28F5}
		{BE23BF6A-B51D-DD12-F7C6-45FD30234A25} = {775D99E7-052A-F475-8677-090E20FFAE72}
		{2C272D58-C597-0347-2830-976F7EFEB62E} = {BE23BF6A-B51D-DD12-F7C6-45FD30234A25}
		{CE25DB15-091F-633B-D72C-F42128F7B253} = {2C272D58-C597-0347-2830-976F7EFEB62E}
		{C04C68F8-E572-6D5F-D976-FB08D1EA0745} = {BE23BF6A-B51D-DD12-F7C6-45FD30234A25}
		{FA1693C7-5393-B8E7-3E6F-BF2ADFD65A99} = {C04C68F8-E572-6D5F-D976-FB08D1EA0745}
		{77517B61-A35B-5D99-C598-BD0CB70C34DF} = {BE23BF6A-B51D-DD12-F7C6-45FD30234A25}
		{A672AD27-75F9-63A1-E8BA-FDF20153A91C} = {77517B61-A35B-5D99-C598-BD0CB70C34DF}
		{E580A9CC-D892-B7CE-161F-A8CDCEBCFB75} = {DEF144B1-642C-623D-8279-A064ECC5053E}
		{AFFEC575-6013-8F21-870A-F2EF7ABB417F} = {E580A9CC-D892-B7CE-161F-A8CDCEBCFB75}
		{273A81A3-D486-E2F0-487A-1391604D1EB5} = {AFFEC575-6013-8F21-870A-F2EF7ABB417F}
		{5CD798D5-0487-F293-0398-61DEB0E795A4} = {E580A9CC-D892-B7CE-161F-A8CDCEBCFB75}
		{02939B28-E931-340A-5F53-2282E5529246} = {5CD798D5-0487-F293-0398-61DEB0E795A4}
		{33D99112-907D-6D6E-8A42-71327B30E6EF} = {E580A9CC-D892-B7CE-161F-A8CDCEBCFB75}
		{FC4EFD25-501E-20A5-8862-822841463431} = {33D99112-907D-6D6E-8A42-71327B30E6EF}
		{7E4B818C-2961-D381-69CF-6FCBB9D2E9E9} = {14B2018A-4E18-6890-0D93-A6F910764DD8}
		{10EC870B-C2BE-4602-83CA-2F7C8D7170C9} = {7E4B818C-2961-D381-69CF-6FCBB9D2E9E9}
	EndGlobalSection
	GlobalSection(ExtensibilityGlobals) = postSolution
		SolutionGuid = {EF459B10-C34F-4F99-84D3-52003F1436E7}
	EndGlobalSection
EndGlobal
